// !$*UTF8*$!
{
	archiveVersion = 1;
	classes = {
	};
	objectVersion = 77;
	objects = {

/* Begin PBXBuildFile section */
		036E4192411A6FD163A67D72 /* MeowShareExtension.appex in Embed Foundation Extensions */ = {isa = PBXBuildFile; fileRef = 0A3215093DD4CEAC361995BA /* MeowShareExtension.appex */; settings = {ATTRIBUTES = (RemoveHeadersOnCopy, ); }; };
		03FA11E276F9D4921BF4DCB5 /* LocalAuthentication.framework in Frameworks */ = {isa = PBXBuildFile; fileRef = 0CDE2E2D69934DD62289B1EA /* LocalAuthentication.framework */; };
		079FCC4BAEC812053DFF9FB4 /* GlassModifiers.swift in Sources */ = {isa = PBXBuildFile; fileRef = B62FCF084AC0B722B353CEBA /* GlassModifiers.swift */; };
		09D9A5341FE91F6F3E8060B9 /* WebSocketManager.swift in Sources */ = {isa = PBXBuildFile; fileRef = AB5E81D7053E7BEADAB7AEA0 /* WebSocketManager.swift */; };
		0B53A67844A19DDB01043C8A /* MessageRow.swift in Sources */ = {isa = PBXBuildFile; fileRef = 43CB2CB49EE216F16FC4A124 /* MessageRow.swift */; };
		0DBA179B8C414D5141CB3BD6 /* SettingsView.swift in Sources */ = {isa = PBXBuildFile; fileRef = 20069CD74FB88A82514E3563 /* SettingsView.swift */; };
		0DFEBA39A25386A8B853A65A /* FlowLayout.swift in Sources */ = {isa = PBXBuildFile; fileRef = 03176967057007057C7D1741 /* FlowLayout.swift */; };
		16EAE5D6057DE8A2C9DE8894 /* PushNotificationManager.swift in Sources */ = {isa = PBXBuildFile; fileRef = 7DB2E79D3BBA4A6CD3D8CCFA /* PushNotificationManager.swift */; };
		177939B40F8CBA54DA8FA2C3 /* MemoryDetailView.swift in Sources */ = {isa = PBXBuildFile; fileRef = 83635B159D0CC5D49BAFA026 /* MemoryDetailView.swift */; };
		18519272F6339486DDF9D368 /* SpeechRecognizer.swift in Sources */ = {isa = PBXBuildFile; fileRef = DF6BA0639ECC7EB6233453F6 /* SpeechRecognizer.swift */; };
		18D24EA6F025F6D8804B15FC /* MemoryBrowserView.swift in Sources */ = {isa = PBXBuildFile; fileRef = 74C46A694F3D4413D965185D /* MemoryBrowserView.swift */; };
		1F5C75599C5BEDF8AACA112F /* AnimatedCatView.swift in Sources */ = {isa = PBXBuildFile; fileRef = 60D60C224D3935083CAFB648 /* AnimatedCatView.swift */; };
		20C7454D76CEA63CA0585940 /* VoiceInputButton.swift in Sources */ = {isa = PBXBuildFile; fileRef = 74EE60A969D8AB610A92E920 /* VoiceInputButton.swift */; };
		263C83CB57F3004C28DAA7A9 /* JobsListView.swift in Sources */ = {isa = PBXBuildFile; fileRef = 6A75FC7A6518C58903489058 /* JobsListView.swift */; };
		27EA769B2CB1EF7BDCFAED2A /* MemoryViewModel.swift in Sources */ = {isa = PBXBuildFile; fileRef = 92DDA098E61A13D284A60880 /* MemoryViewModel.swift */; };
		2A86847F2F737D9944FA73C9 /* SwiftData.framework in Frameworks */ = {isa = PBXBuildFile; fileRef = DD00C6A152407327446F3963 /* SwiftData.framework */; };
		2B476A648AE94D5517080E43 /* ImageCompressor.swift in Sources */ = {isa = PBXBuildFile; fileRef = E1995470056B61C63BA94C48 /* ImageCompressor.swift */; };
		2BDF2D29C3D281D32BEEC463 /* PendingShareQueue.swift in Sources */ = {isa = PBXBuildFile; fileRef = CADE54650B96AA4217180342 /* PendingShareQueue.swift */; };
		2D2B6311089EBFDFBD84DAAC /* PhotosUI.framework in Frameworks */ = {isa = PBXBuildFile; fileRef = E638587A1FD552BBDD0E3527 /* PhotosUI.framework */; };
		33155E89BD8EED26BE2B7B5C /* AuthManager.swift in Sources */ = {isa = PBXBuildFile; fileRef = F2CAE4B3E96E1B78BAAA12BC /* AuthManager.swift */; };
		35649EA6C32B7405AEB824A9 /* MeowAPIClient.swift in Sources */ = {isa = PBXBuildFile; fileRef = 742690410D5AC5A2DC9DA288 /* MeowAPIClient.swift */; };
		382E96A8CBAC224061903A11 /* LocalAuthentication.framework in Frameworks */ = {isa = PBXBuildFile; fileRef = 0CDE2E2D69934DD62289B1EA /* LocalAuthentication.framework */; };
		38A64147B677B4D72A7F6FB3 /* TypingIndicator.swift in Sources */ = {isa = PBXBuildFile; fileRef = AB087C3459AE1DE8FAFA840E /* TypingIndicator.swift */; };
		3AB09B7A9ACEDA866D12E8D0 /* SettingsViewModel.swift in Sources */ = {isa = PBXBuildFile; fileRef = 09276EB31CCBD9209815CA35 /* SettingsViewModel.swift */; };
		410046BEC3FE3CEB742D1CF5 /* JobsViewModel.swift in Sources */ = {isa = PBXBuildFile; fileRef = D2C3F458A377FD994BC9745F /* JobsViewModel.swift */; };
		413C5AD71AA981DEBDF06292 /* SwiftData.framework in Frameworks */ = {isa = PBXBuildFile; fileRef = DD00C6A152407327446F3963 /* SwiftData.framework */; };
		447481F2D4DD04570DBBF3F5 /* ContentView.swift in Sources */ = {isa = PBXBuildFile; fileRef = 2188853FA31869EF7859753B /* ContentView.swift */; };
		46F7028C4C632176501268D0 /* JobRow.swift in Sources */ = {isa = PBXBuildFile; fileRef = 7666D739DF09AB8EB2243AE5 /* JobRow.swift */; };
		4737D8F13A2DE45B06EEB5E6 /* ChatView.swift in Sources */ = {isa = PBXBuildFile; fileRef = FCB1B503747ACD197EE60857 /* ChatView.swift */; };
		475C912C674070509693E25C /* SpeechRecognizer.swift in Sources */ = {isa = PBXBuildFile; fileRef = DF6BA0639ECC7EB6233453F6 /* SpeechRecognizer.swift */; };
		4A1A902A451078101F34EB65 /* JobsListView.swift in Sources */ = {isa = PBXBuildFile; fileRef = 6A75FC7A6518C58903489058 /* JobsListView.swift */; };
		4BD1D2157A2823C08C09B638 /* SoulViewModel.swift in Sources */ = {isa = PBXBuildFile; fileRef = D35D1A1A55EB62E5979D0738 /* SoulViewModel.swift */; };
		4FC0B705484B514D46D47D96 /* PhotosUI.framework in Frameworks */ = {isa = PBXBuildFile; fileRef = E638587A1FD552BBDD0E3527 /* PhotosUI.framework */; };
		5334ABE6A5EF0988EB4BEB83 /* JobsViewModel.swift in Sources */ = {isa = PBXBuildFile; fileRef = D2C3F458A377FD994BC9745F /* JobsViewModel.swift */; };
		53722CAFC0130A9331B78410 /* GlowButton.swift in Sources */ = {isa = PBXBuildFile; fileRef = D6C367A764BC052EB92F6E88 /* GlowButton.swift */; };
		58418366DF9503C463431861 /* ChatBubble.swift in Sources */ = {isa = PBXBuildFile; fileRef = BEBBE20EE7093D6CE19C8539 /* ChatBubble.swift */; };
		5A4C3ACBA0E0593C10D26421 /* ShareViewController.swift in Sources */ = {isa = PBXBuildFile; fileRef = E76F641016AF6B3349B4488A /* ShareViewController.swift */; };
		5BE972BF7E9F5D737386F821 /* TypingIndicator.swift in Sources */ = {isa = PBXBuildFile; fileRef = AB087C3459AE1DE8FAFA840E /* TypingIndicator.swift */; };
		5DA487204FDC7AC251A3DA30 /* ShareView.swift in Sources */ = {isa = PBXBuildFile; fileRef = 37D8C6E8025AB5DA93E20B70 /* ShareView.swift */; };
		603221138A45150CE105567E /* Assets.xcassets in Resources */ = {isa = PBXBuildFile; fileRef = C4DDDC0BC552666F4700B3F2 /* Assets.xcassets */; };
		60C4A48DACB766AC6DB3BB73 /* MeshBackground.swift in Sources */ = {isa = PBXBuildFile; fileRef = E2D65EF3BB1F47E6114B3910 /* MeshBackground.swift */; };
		60F37A7BD7EE03CC569C9B72 /* CachedMemory.swift in Sources */ = {isa = PBXBuildFile; fileRef = 2F46028AD4F3385E71D1DB01 /* CachedMemory.swift */; };
		643D9D5FE9EE706B2E01E5B4 /* MemoryBrowserView.swift in Sources */ = {isa = PBXBuildFile; fileRef = 74C46A694F3D4413D965185D /* MemoryBrowserView.swift */; };
		66FF6CFC53CC00A72BB7A453 /* MeowTheme.swift in Sources */ = {isa = PBXBuildFile; fileRef = 1FADE92C31181FF74830BEF1 /* MeowTheme.swift */; };
		67255E47E4CE11EC3197BBCB /* Assets.xcassets in Resources */ = {isa = PBXBuildFile; fileRef = C4DDDC0BC552666F4700B3F2 /* Assets.xcassets */; };
		6858D76734275923FC56D435 /* TerminalBox.swift in Sources */ = {isa = PBXBuildFile; fileRef = 63AB0EEE95E633B91993DA31 /* TerminalBox.swift */; };
		6A8D7A9EBE251E83669CDA4D /* SoulView.swift in Sources */ = {isa = PBXBuildFile; fileRef = 39F1A4A2EC6D19BB8342350E /* SoulView.swift */; };
		6ABE16DCC4C609612871F2E1 /* ShareAPIClient.swift in Sources */ = {isa = PBXBuildFile; fileRef = 8B9970D132C533CBA67B1C54 /* ShareAPIClient.swift */; };
		6CFFC0649CE1E65DB5CA1628 /* MeowApp.swift in Sources */ = {isa = PBXBuildFile; fileRef = F4BF169CFB59FADA3736D3E1 /* MeowApp.swift */; };
		6D8D39B23E6CCB72ED631909 /* SpaceBackgroundView.swift in Sources */ = {isa = PBXBuildFile; fileRef = 56C3114B62964D0E8640DD85 /* SpaceBackgroundView.swift */; };
		720F9A8651474E83DFFFBF11 /* CreateJobSheet.swift in Sources */ = {isa = PBXBuildFile; fileRef = 65141A920E2FF79D17F55BDB /* CreateJobSheet.swift */; };
		73CED74C2511DD0D340138FC /* TextToSpeechService.swift in Sources */ = {isa = PBXBuildFile; fileRef = 966502C86B18EF42F70CBBF6 /* TextToSpeechService.swift */; };
		75CD1FAEF21F0992FFF781F0 /* StatusPill.swift in Sources */ = {isa = PBXBuildFile; fileRef = BAF89A30E7C73169CC346E7C /* StatusPill.swift */; };
		77C9540AA4023756E08FD904 /* SharedConfig.swift in Sources */ = {isa = PBXBuildFile; fileRef = C10F90888E23FF627D04B690 /* SharedConfig.swift */; };
		7A83CF905B94B9861334B208 /* MemoryRow.swift in Sources */ = {isa = PBXBuildFile; fileRef = E9373C1F49F79E374D2FAC20 /* MemoryRow.swift */; };
		7B537E69D65585BA1D40828D /* ContentExtractor.swift in Sources */ = {isa = PBXBuildFile; fileRef = 5B730B8FAFC3C8DD95E6E2F9 /* ContentExtractor.swift */; };
		7CC840AA230661036F80CE1A /* SwiftUI.framework in Frameworks */ = {isa = PBXBuildFile; fileRef = 5CF770D7F73E4BF78DED056A /* SwiftUI.framework */; };
		7D0A094966BDD917832C9B97 /* ChatViewModel.swift in Sources */ = {isa = PBXBuildFile; fileRef = A4F72C7A4C0C6ADEBE336C3F /* ChatViewModel.swift */; };
		811ABD32BB2CDDA9E0143896 /* ElevenLabsTTSService.swift in Sources */ = {isa = PBXBuildFile; fileRef = 23154BF79C3983EE9F8B081D /* ElevenLabsTTSService.swift */; };
		8496DBB086C6E10F142434FB /* SpaceBackgroundView.swift in Sources */ = {isa = PBXBuildFile; fileRef = 56C3114B62964D0E8640DD85 /* SpaceBackgroundView.swift */; };
		84D5FC534453AD0A96A76212 /* MeowAPIClient.swift in Sources */ = {isa = PBXBuildFile; fileRef = 742690410D5AC5A2DC9DA288 /* MeowAPIClient.swift */; };
		865087687E33D3193823FF66 /* ToolActivityView.swift in Sources */ = {isa = PBXBuildFile; fileRef = D753903223CFCE48B7AD669D /* ToolActivityView.swift */; };
		86D02F5E8B77F50D72157878 /* CreateJobSheet.swift in Sources */ = {isa = PBXBuildFile; fileRef = 65141A920E2FF79D17F55BDB /* CreateJobSheet.swift */; };
		871C4FF96F1FFB1AC933C1F0 /* VoiceInputButton.swift in Sources */ = {isa = PBXBuildFile; fileRef = 74EE60A969D8AB610A92E920 /* VoiceInputButton.swift */; };
		87FAAD6F5233154A0418A0B0 /* MeowTheme.swift in Sources */ = {isa = PBXBuildFile; fileRef = 1FADE92C31181FF74830BEF1 /* MeowTheme.swift */; };
		9009AD06D72CB914755925FD /* FlowLayout.swift in Sources */ = {isa = PBXBuildFile; fileRef = 03176967057007057C7D1741 /* FlowLayout.swift */; };
		90316E8322EAF5E9FC300C17 /* MarkdownText.swift in Sources */ = {isa = PBXBuildFile; fileRef = 44D6DE6CB1316A189B40CA9C /* MarkdownText.swift */; };
		980813F2673739C25331EC2D /* PendingShareQueue.swift in Sources */ = {isa = PBXBuildFile; fileRef = CADE54650B96AA4217180342 /* PendingShareQueue.swift */; };
		9DBFC5A54147076D24D4F5E2 /* SettingsView.swift in Sources */ = {isa = PBXBuildFile; fileRef = 20069CD74FB88A82514E3563 /* SettingsView.swift */; };
		A2D58678A04EF9742EA77819 /* ChatViewModel.swift in Sources */ = {isa = PBXBuildFile; fileRef = A4F72C7A4C0C6ADEBE336C3F /* ChatViewModel.swift */; };
		A329968D634BDF35C42453C9 /* SharedConfig.swift in Sources */ = {isa = PBXBuildFile; fileRef = C10F90888E23FF627D04B690 /* SharedConfig.swift */; };
		AAFFF1CE3628D0A94E288F1C /* ToolActivityView.swift in Sources */ = {isa = PBXBuildFile; fileRef = D753903223CFCE48B7AD669D /* ToolActivityView.swift */; };
		ACB76A708C4E6AC976A9AAEA /* AuthManager.swift in Sources */ = {isa = PBXBuildFile; fileRef = F2CAE4B3E96E1B78BAAA12BC /* AuthManager.swift */; };
		B31BBC0C6968E04FA2B3FDCE /* APITypes.swift in Sources */ = {isa = PBXBuildFile; fileRef = 360270666587A92B071C4D5E /* APITypes.swift */; };
		B9451A0C8D51EFACCBB7BD37 /* MemoryRow.swift in Sources */ = {isa = PBXBuildFile; fileRef = E9373C1F49F79E374D2FAC20 /* MemoryRow.swift */; };
		B99D1DE78A666E577B14FDEA /* SettingsViewModel.swift in Sources */ = {isa = PBXBuildFile; fileRef = 09276EB31CCBD9209815CA35 /* SettingsViewModel.swift */; };
		BD174B67F9CF5BDD34DE3FA8 /* SoulViewModel.swift in Sources */ = {isa = PBXBuildFile; fileRef = D35D1A1A55EB62E5979D0738 /* SoulViewModel.swift */; };
		BEC0F0A5D41E6BD8CE0A2584 /* ShareViewModel.swift in Sources */ = {isa = PBXBuildFile; fileRef = AD15D1C3564D90D15709F3AD /* ShareViewModel.swift */; };
		C0154775C2DBA8BF8D9DC2A9 /* SoulView.swift in Sources */ = {isa = PBXBuildFile; fileRef = 39F1A4A2EC6D19BB8342350E /* SoulView.swift */; };
		C383A10066871EB9AC32EFC1 /* SharedConfig.swift in Sources */ = {isa = PBXBuildFile; fileRef = C10F90888E23FF627D04B690 /* SharedConfig.swift */; };
		C429304CBAEF263BE4450EE6 /* PendingShareQueue.swift in Sources */ = {isa = PBXBuildFile; fileRef = CADE54650B96AA4217180342 /* PendingShareQueue.swift */; };
		C45CBA05CBEF312B8DA04B32 /* MessageRow.swift in Sources */ = {isa = PBXBuildFile; fileRef = 43CB2CB49EE216F16FC4A124 /* MessageRow.swift */; };
		C4B11669F679D2209410D12A /* ImageCompressor.swift in Sources */ = {isa = PBXBuildFile; fileRef = E1995470056B61C63BA94C48 /* ImageCompressor.swift */; };
		C52BA9A858434C4DB5B52C6C /* APITypes.swift in Sources */ = {isa = PBXBuildFile; fileRef = 360270666587A92B071C4D5E /* APITypes.swift */; };
		C658DB8A267966B2CB0D225F /* TextToSpeechService.swift in Sources */ = {isa = PBXBuildFile; fileRef = 966502C86B18EF42F70CBBF6 /* TextToSpeechService.swift */; };
		C697EF8952B98D3D04FB055B /* MeshBackground.swift in Sources */ = {isa = PBXBuildFile; fileRef = E2D65EF3BB1F47E6114B3910 /* MeshBackground.swift */; };
		C94F771C5B7AE956B8FDAFD8 /* ASCIICatView.swift in Sources */ = {isa = PBXBuildFile; fileRef = 41A262E49E69307611CB0D4F /* ASCIICatView.swift */; };
		CB8EC809DD01652CA967263F /* MeowApp.swift in Sources */ = {isa = PBXBuildFile; fileRef = F4BF169CFB59FADA3736D3E1 /* MeowApp.swift */; };
		CCD125C7C34924D66F972C85 /* CachedMemory.swift in Sources */ = {isa = PBXBuildFile; fileRef = 2F46028AD4F3385E71D1DB01 /* CachedMemory.swift */; };
		CF31168B534115B37FA08AF8 /* ContentView.swift in Sources */ = {isa = PBXBuildFile; fileRef = 2188853FA31869EF7859753B /* ContentView.swift */; };
		D818F59037C63BA2AE23D0D2 /* JobRow.swift in Sources */ = {isa = PBXBuildFile; fileRef = 7666D739DF09AB8EB2243AE5 /* JobRow.swift */; };
		D88809737CF226B0CE78789B /* MarkdownText.swift in Sources */ = {isa = PBXBuildFile; fileRef = 44D6DE6CB1316A189B40CA9C /* MarkdownText.swift */; };
		D8A52835877F81207F2993E1 /* StatusPill.swift in Sources */ = {isa = PBXBuildFile; fileRef = BAF89A30E7C73169CC346E7C /* StatusPill.swift */; };
		DACB3863111AB25674E2E903 /* ChatBubble.swift in Sources */ = {isa = PBXBuildFile; fileRef = BEBBE20EE7093D6CE19C8539 /* ChatBubble.swift */; };
		DB03895B2C7CB5172921B8D6 /* ElevenLabsTTSService.swift in Sources */ = {isa = PBXBuildFile; fileRef = 23154BF79C3983EE9F8B081D /* ElevenLabsTTSService.swift */; };
		DCF79E1D5C27687EF5CD9B02 /* MemoryDetailView.swift in Sources */ = {isa = PBXBuildFile; fileRef = 83635B159D0CC5D49BAFA026 /* MemoryDetailView.swift */; };
		DFFDEC59C81C1E5A6FB4D5F1 /* SwiftUI.framework in Frameworks */ = {isa = PBXBuildFile; fileRef = 5CF770D7F73E4BF78DED056A /* SwiftUI.framework */; };
		E424410EF49023C36CD11ABD /* GlowButton.swift in Sources */ = {isa = PBXBuildFile; fileRef = D6C367A764BC052EB92F6E88 /* GlowButton.swift */; };
		E8D4FB6DAAC03741A69CA83E /* ASCIICatView.swift in Sources */ = {isa = PBXBuildFile; fileRef = 41A262E49E69307611CB0D4F /* ASCIICatView.swift */; };
		EAC9FEC5391615CC87FB8B55 /* ChatView.swift in Sources */ = {isa = PBXBuildFile; fileRef = FCB1B503747ACD197EE60857 /* ChatView.swift */; };
		EBDA00271BEEFA8539E72F00 /* AnimatedCatView.swift in Sources */ = {isa = PBXBuildFile; fileRef = 60D60C224D3935083CAFB648 /* AnimatedCatView.swift */; };
		EE236F69AA860DA3B846BDAC /* WebSocketManager.swift in Sources */ = {isa = PBXBuildFile; fileRef = AB5E81D7053E7BEADAB7AEA0 /* WebSocketManager.swift */; };
		F2543D5AA0306E95ED729A70 /* PushNotificationManager.swift in Sources */ = {isa = PBXBuildFile; fileRef = 7DB2E79D3BBA4A6CD3D8CCFA /* PushNotificationManager.swift */; };
		F40037A1BFB24AC3B56EC453 /* MemoryViewModel.swift in Sources */ = {isa = PBXBuildFile; fileRef = 92DDA098E61A13D284A60880 /* MemoryViewModel.swift */; };
		F5FDDD19E4927B20760553BE /* MeowTheme.swift in Sources */ = {isa = PBXBuildFile; fileRef = 1FADE92C31181FF74830BEF1 /* MeowTheme.swift */; };
		FEEA4C73E7F0CB7EA61125AB /* GlassModifiers.swift in Sources */ = {isa = PBXBuildFile; fileRef = B62FCF084AC0B722B353CEBA /* GlassModifiers.swift */; };
		FF5678149CB6281D670D4AE0 /* TerminalBox.swift in Sources */ = {isa = PBXBuildFile; fileRef = 63AB0EEE95E633B91993DA31 /* TerminalBox.swift */; };
/* End PBXBuildFile section */

/* Begin PBXContainerItemProxy section */
		2AC75F08E32E37E7DDD5CA75 /* PBXContainerItemProxy */ = {
			isa = PBXContainerItemProxy;
			containerPortal = 3994F6AD54E19D227BFF5272 /* Project object */;
			proxyType = 1;
			remoteGlobalIDString = 82EB72A5FA6A475358FA5845;
			remoteInfo = MeowShareExtension;
		};
/* End PBXContainerItemProxy section */

/* Begin PBXCopyFilesBuildPhase section */
		AE2340438FF258B078C8EED6 /* Embed Foundation Extensions */ = {
			isa = PBXCopyFilesBuildPhase;
			buildActionMask = 2147483647;
			dstPath = "";
			dstSubfolderSpec = 13;
			files = (
				036E4192411A6FD163A67D72 /* MeowShareExtension.appex in Embed Foundation Extensions */,
			);
			name = "Embed Foundation Extensions";
			runOnlyForDeploymentPostprocessing = 0;
		};
/* End PBXCopyFilesBuildPhase section */

/* Begin PBXFileReference section */
		03176967057007057C7D1741 /* FlowLayout.swift */ = {isa = PBXFileReference; lastKnownFileType = sourcecode.swift; path = FlowLayout.swift; sourceTree = "<group>"; };
		09276EB31CCBD9209815CA35 /* SettingsViewModel.swift */ = {isa = PBXFileReference; lastKnownFileType = sourcecode.swift; path = SettingsViewModel.swift; sourceTree = "<group>"; };
		0A3215093DD4CEAC361995BA /* MeowShareExtension.appex */ = {isa = PBXFileReference; includeInIndex = 0; lastKnownFileType = "wrapper.app-extension"; path = MeowShareExtension.appex; sourceTree = BUILT_PRODUCTS_DIR; };
		0CDE2E2D69934DD62289B1EA /* LocalAuthentication.framework */ = {isa = PBXFileReference; lastKnownFileType = wrapper.framework; name = LocalAuthentication.framework; path = System/Library/Frameworks/LocalAuthentication.framework; sourceTree = SDKROOT; };
		16EF534DB6562A25EF05DFD3 /* MeowApp.app */ = {isa = PBXFileReference; includeInIndex = 0; lastKnownFileType = wrapper.application; path = MeowApp.app; sourceTree = BUILT_PRODUCTS_DIR; };
		1FADE92C31181FF74830BEF1 /* MeowTheme.swift */ = {isa = PBXFileReference; lastKnownFileType = sourcecode.swift; path = MeowTheme.swift; sourceTree = "<group>"; };
		20069CD74FB88A82514E3563 /* SettingsView.swift */ = {isa = PBXFileReference; lastKnownFileType = sourcecode.swift; path = SettingsView.swift; sourceTree = "<group>"; };
		2188853FA31869EF7859753B /* ContentView.swift */ = {isa = PBXFileReference; lastKnownFileType = sourcecode.swift; path = ContentView.swift; sourceTree = "<group>"; };
		23154BF79C3983EE9F8B081D /* ElevenLabsTTSService.swift */ = {isa = PBXFileReference; lastKnownFileType = sourcecode.swift; path = ElevenLabsTTSService.swift; sourceTree = "<group>"; };
		2F46028AD4F3385E71D1DB01 /* CachedMemory.swift */ = {isa = PBXFileReference; lastKnownFileType = sourcecode.swift; path = CachedMemory.swift; sourceTree = "<group>"; };
		360270666587A92B071C4D5E /* APITypes.swift */ = {isa = PBXFileReference; lastKnownFileType = sourcecode.swift; path = APITypes.swift; sourceTree = "<group>"; };
		37D8C6E8025AB5DA93E20B70 /* ShareView.swift */ = {isa = PBXFileReference; lastKnownFileType = sourcecode.swift; path = ShareView.swift; sourceTree = "<group>"; };
		39F1A4A2EC6D19BB8342350E /* SoulView.swift */ = {isa = PBXFileReference; lastKnownFileType = sourcecode.swift; path = SoulView.swift; sourceTree = "<group>"; };
		41A262E49E69307611CB0D4F /* ASCIICatView.swift */ = {isa = PBXFileReference; lastKnownFileType = sourcecode.swift; path = ASCIICatView.swift; sourceTree = "<group>"; };
		43CB2CB49EE216F16FC4A124 /* MessageRow.swift */ = {isa = PBXFileReference; lastKnownFileType = sourcecode.swift; path = MessageRow.swift; sourceTree = "<group>"; };
		44D6DE6CB1316A189B40CA9C /* MarkdownText.swift */ = {isa = PBXFileReference; lastKnownFileType = sourcecode.swift; path = MarkdownText.swift; sourceTree = "<group>"; };
		56C3114B62964D0E8640DD85 /* SpaceBackgroundView.swift */ = {isa = PBXFileReference; lastKnownFileType = sourcecode.swift; path = SpaceBackgroundView.swift; sourceTree = "<group>"; };
		5B730B8FAFC3C8DD95E6E2F9 /* ContentExtractor.swift */ = {isa = PBXFileReference; lastKnownFileType = sourcecode.swift; path = ContentExtractor.swift; sourceTree = "<group>"; };
		5CF770D7F73E4BF78DED056A /* SwiftUI.framework */ = {isa = PBXFileReference; lastKnownFileType = wrapper.framework; name = SwiftUI.framework; path = System/Library/Frameworks/SwiftUI.framework; sourceTree = SDKROOT; };
		60D60C224D3935083CAFB648 /* AnimatedCatView.swift */ = {isa = PBXFileReference; lastKnownFileType = sourcecode.swift; path = AnimatedCatView.swift; sourceTree = "<group>"; };
		63AB0EEE95E633B91993DA31 /* TerminalBox.swift */ = {isa = PBXFileReference; lastKnownFileType = sourcecode.swift; path = TerminalBox.swift; sourceTree = "<group>"; };
		65141A920E2FF79D17F55BDB /* CreateJobSheet.swift */ = {isa = PBXFileReference; lastKnownFileType = sourcecode.swift; path = CreateJobSheet.swift; sourceTree = "<group>"; };
		6A75FC7A6518C58903489058 /* JobsListView.swift */ = {isa = PBXFileReference; lastKnownFileType = sourcecode.swift; path = JobsListView.swift; sourceTree = "<group>"; };
		742690410D5AC5A2DC9DA288 /* MeowAPIClient.swift */ = {isa = PBXFileReference; lastKnownFileType = sourcecode.swift; path = MeowAPIClient.swift; sourceTree = "<group>"; };
		74C46A694F3D4413D965185D /* MemoryBrowserView.swift */ = {isa = PBXFileReference; lastKnownFileType = sourcecode.swift; path = MemoryBrowserView.swift; sourceTree = "<group>"; };
		74EE60A969D8AB610A92E920 /* VoiceInputButton.swift */ = {isa = PBXFileReference; lastKnownFileType = sourcecode.swift; path = VoiceInputButton.swift; sourceTree = "<group>"; };
		7666D739DF09AB8EB2243AE5 /* JobRow.swift */ = {isa = PBXFileReference; lastKnownFileType = sourcecode.swift; path = JobRow.swift; sourceTree = "<group>"; };
		7DB2E79D3BBA4A6CD3D8CCFA /* PushNotificationManager.swift */ = {isa = PBXFileReference; lastKnownFileType = sourcecode.swift; path = PushNotificationManager.swift; sourceTree = "<group>"; };
		83635B159D0CC5D49BAFA026 /* MemoryDetailView.swift */ = {isa = PBXFileReference; lastKnownFileType = sourcecode.swift; path = MemoryDetailView.swift; sourceTree = "<group>"; };
		898D74F49CCC8AA76B90D429 /* Info.plist */ = {isa = PBXFileReference; lastKnownFileType = text.plist; path = Info.plist; sourceTree = "<group>"; };
		8B9970D132C533CBA67B1C54 /* ShareAPIClient.swift */ = {isa = PBXFileReference; lastKnownFileType = sourcecode.swift; path = ShareAPIClient.swift; sourceTree = "<group>"; };
		92DDA098E61A13D284A60880 /* MemoryViewModel.swift */ = {isa = PBXFileReference; lastKnownFileType = sourcecode.swift; path = MemoryViewModel.swift; sourceTree = "<group>"; };
		966502C86B18EF42F70CBBF6 /* TextToSpeechService.swift */ = {isa = PBXFileReference; lastKnownFileType = sourcecode.swift; path = TextToSpeechService.swift; sourceTree = "<group>"; };
		A4F72C7A4C0C6ADEBE336C3F /* ChatViewModel.swift */ = {isa = PBXFileReference; lastKnownFileType = sourcecode.swift; path = ChatViewModel.swift; sourceTree = "<group>"; };
		AB087C3459AE1DE8FAFA840E /* TypingIndicator.swift */ = {isa = PBXFileReference; lastKnownFileType = sourcecode.swift; path = TypingIndicator.swift; sourceTree = "<group>"; };
		AB5E81D7053E7BEADAB7AEA0 /* WebSocketManager.swift */ = {isa = PBXFileReference; lastKnownFileType = sourcecode.swift; path = WebSocketManager.swift; sourceTree = "<group>"; };
		AD15D1C3564D90D15709F3AD /* ShareViewModel.swift */ = {isa = PBXFileReference; lastKnownFileType = sourcecode.swift; path = ShareViewModel.swift; sourceTree = "<group>"; };
		B62FCF084AC0B722B353CEBA /* GlassModifiers.swift */ = {isa = PBXFileReference; lastKnownFileType = sourcecode.swift; path = GlassModifiers.swift; sourceTree = "<group>"; };
		BAF89A30E7C73169CC346E7C /* StatusPill.swift */ = {isa = PBXFileReference; lastKnownFileType = sourcecode.swift; path = StatusPill.swift; sourceTree = "<group>"; };
		BEBBE20EE7093D6CE19C8539 /* ChatBubble.swift */ = {isa = PBXFileReference; lastKnownFileType = sourcecode.swift; path = ChatBubble.swift; sourceTree = "<group>"; };
		C10F90888E23FF627D04B690 /* SharedConfig.swift */ = {isa = PBXFileReference; lastKnownFileType = sourcecode.swift; path = SharedConfig.swift; sourceTree = "<group>"; };
		C4DDDC0BC552666F4700B3F2 /* Assets.xcassets */ = {isa = PBXFileReference; lastKnownFileType = folder.assetcatalog; path = Assets.xcassets; sourceTree = "<group>"; };
		CADE54650B96AA4217180342 /* PendingShareQueue.swift */ = {isa = PBXFileReference; lastKnownFileType = sourcecode.swift; path = PendingShareQueue.swift; sourceTree = "<group>"; };
		D2C3F458A377FD994BC9745F /* JobsViewModel.swift */ = {isa = PBXFileReference; lastKnownFileType = sourcecode.swift; path = JobsViewModel.swift; sourceTree = "<group>"; };
		D35D1A1A55EB62E5979D0738 /* SoulViewModel.swift */ = {isa = PBXFileReference; lastKnownFileType = sourcecode.swift; path = SoulViewModel.swift; sourceTree = "<group>"; };
		D3B8852CC85C2FEEF33A1165 /* MeowShareExtension.entitlements */ = {isa = PBXFileReference; lastKnownFileType = text.plist.entitlements; path = MeowShareExtension.entitlements; sourceTree = "<group>"; };
		D6C367A764BC052EB92F6E88 /* GlowButton.swift */ = {isa = PBXFileReference; lastKnownFileType = sourcecode.swift; path = GlowButton.swift; sourceTree = "<group>"; };
		D753903223CFCE48B7AD669D /* ToolActivityView.swift */ = {isa = PBXFileReference; lastKnownFileType = sourcecode.swift; path = ToolActivityView.swift; sourceTree = "<group>"; };
		DD00C6A152407327446F3963 /* SwiftData.framework */ = {isa = PBXFileReference; lastKnownFileType = wrapper.framework; name = SwiftData.framework; path = System/Library/Frameworks/SwiftData.framework; sourceTree = SDKROOT; };
		DF6BA0639ECC7EB6233453F6 /* SpeechRecognizer.swift */ = {isa = PBXFileReference; lastKnownFileType = sourcecode.swift; path = SpeechRecognizer.swift; sourceTree = "<group>"; };
		E164E4C0483735D4C014A1DB /* MeowApp.app */ = {isa = PBXFileReference; explicitFileType = wrapper.application; includeInIndex = 0; path = MeowApp.app; sourceTree = BUILT_PRODUCTS_DIR; };
		E1995470056B61C63BA94C48 /* ImageCompressor.swift */ = {isa = PBXFileReference; lastKnownFileType = sourcecode.swift; path = ImageCompressor.swift; sourceTree = "<group>"; };
		E2D65EF3BB1F47E6114B3910 /* MeshBackground.swift */ = {isa = PBXFileReference; lastKnownFileType = sourcecode.swift; path = MeshBackground.swift; sourceTree = "<group>"; };
		E638587A1FD552BBDD0E3527 /* PhotosUI.framework */ = {isa = PBXFileReference; lastKnownFileType = wrapper.framework; name = PhotosUI.framework; path = System/Library/Frameworks/PhotosUI.framework; sourceTree = SDKROOT; };
		E76F641016AF6B3349B4488A /* ShareViewController.swift */ = {isa = PBXFileReference; lastKnownFileType = sourcecode.swift; path = ShareViewController.swift; sourceTree = "<group>"; };
		E9373C1F49F79E374D2FAC20 /* MemoryRow.swift */ = {isa = PBXFileReference; lastKnownFileType = sourcecode.swift; path = MemoryRow.swift; sourceTree = "<group>"; };
		F2CAE4B3E96E1B78BAAA12BC /* AuthManager.swift */ = {isa = PBXFileReference; lastKnownFileType = sourcecode.swift; path = AuthManager.swift; sourceTree = "<group>"; };
		F4BF169CFB59FADA3736D3E1 /* MeowApp.swift */ = {isa = PBXFileReference; lastKnownFileType = sourcecode.swift; path = MeowApp.swift; sourceTree = "<group>"; };
		FCB1B503747ACD197EE60857 /* ChatView.swift */ = {isa = PBXFileReference; lastKnownFileType = sourcecode.swift; path = ChatView.swift; sourceTree = "<group>"; };
/* End PBXFileReference section */

/* Begin PBXFrameworksBuildPhase section */
		849B7A502298E9367DA236B4 /* Frameworks */ = {
			isa = PBXFrameworksBuildPhase;
			buildActionMask = 2147483647;
			files = (
				DFFDEC59C81C1E5A6FB4D5F1 /* SwiftUI.framework in Frameworks */,
				2A86847F2F737D9944FA73C9 /* SwiftData.framework in Frameworks */,
				03FA11E276F9D4921BF4DCB5 /* LocalAuthentication.framework in Frameworks */,
				4FC0B705484B514D46D47D96 /* PhotosUI.framework in Frameworks */,
			);
			runOnlyForDeploymentPostprocessing = 0;
		};
		E136E8634F6C73E2B2AD8E02 /* Frameworks */ = {
			isa = PBXFrameworksBuildPhase;
			buildActionMask = 2147483647;
			files = (
				7CC840AA230661036F80CE1A /* SwiftUI.framework in Frameworks */,
				413C5AD71AA981DEBDF06292 /* SwiftData.framework in Frameworks */,
				382E96A8CBAC224061903A11 /* LocalAuthentication.framework in Frameworks */,
				2D2B6311089EBFDFBD84DAAC /* PhotosUI.framework in Frameworks */,
			);
			runOnlyForDeploymentPostprocessing = 0;
		};
/* End PBXFrameworksBuildPhase section */

/* Begin PBXGroup section */
		25AA91C1EE4E03C68207B326 /* Chat */ = {
			isa = PBXGroup;
			children = (
				FCB1B503747ACD197EE60857 /* ChatView.swift */,
				A4F72C7A4C0C6ADEBE336C3F /* ChatViewModel.swift */,
				43CB2CB49EE216F16FC4A124 /* MessageRow.swift */,
				AB087C3459AE1DE8FAFA840E /* TypingIndicator.swift */,
			);
			path = Chat;
			sourceTree = "<group>";
		};
		2E0E6C9F36030497B9A59EE6 /* Design */ = {
			isa = PBXGroup;
			children = (
				60D60C224D3935083CAFB648 /* AnimatedCatView.swift */,
				41A262E49E69307611CB0D4F /* ASCIICatView.swift */,
				BEBBE20EE7093D6CE19C8539 /* ChatBubble.swift */,
				03176967057007057C7D1741 /* FlowLayout.swift */,
				B62FCF084AC0B722B353CEBA /* GlassModifiers.swift */,
				D6C367A764BC052EB92F6E88 /* GlowButton.swift */,
				44D6DE6CB1316A189B40CA9C /* MarkdownText.swift */,
				1FADE92C31181FF74830BEF1 /* MeowTheme.swift */,
				E2D65EF3BB1F47E6114B3910 /* MeshBackground.swift */,
				56C3114B62964D0E8640DD85 /* SpaceBackgroundView.swift */,
				BAF89A30E7C73169CC346E7C /* StatusPill.swift */,
				63AB0EEE95E633B91993DA31 /* TerminalBox.swift */,
				D753903223CFCE48B7AD669D /* ToolActivityView.swift */,
			);
			path = Design;
			sourceTree = "<group>";
		};
		3EE85DF9BFA3BD9A7889FE5B = {
			isa = PBXGroup;
			children = (
				CD75A2BD443EF485D0D89B39 /* ShareExtension */,
				666B040C1AAC62891B0D12ED /* Sources */,
				A6569C237C82D063A2F04961 /* Frameworks */,
				A0146520752481566CDA08D1 /* Products */,
			);
			sourceTree = "<group>";
		};
		497DDD1FB3CD1DB8C8628EAE /* Auth */ = {
			isa = PBXGroup;
			children = (
				F2CAE4B3E96E1B78BAAA12BC /* AuthManager.swift */,
				C10F90888E23FF627D04B690 /* SharedConfig.swift */,
			);
			path = Auth;
			sourceTree = "<group>";
		};
		5C324015F96BA71798537B99 /* Jobs */ = {
			isa = PBXGroup;
			children = (
				65141A920E2FF79D17F55BDB /* CreateJobSheet.swift */,
				7666D739DF09AB8EB2243AE5 /* JobRow.swift */,
				6A75FC7A6518C58903489058 /* JobsListView.swift */,
				D2C3F458A377FD994BC9745F /* JobsViewModel.swift */,
			);
			path = Jobs;
			sourceTree = "<group>";
		};
		666B040C1AAC62891B0D12ED /* Sources */ = {
			isa = PBXGroup;
			children = (
				DE293D59B7A9CF64FE9D5424 /* Core */,
				74CF9F98ED88D1D9DAB08F55 /* Features */,
				C4DDDC0BC552666F4700B3F2 /* Assets.xcassets */,
				2188853FA31869EF7859753B /* ContentView.swift */,
				898D74F49CCC8AA76B90D429 /* Info.plist */,
				F4BF169CFB59FADA3736D3E1 /* MeowApp.swift */,
			);
			path = Sources;
			sourceTree = "<group>";
		};
		71CA2E8B6F05F3D93FE0B1D2 /* Media */ = {
			isa = PBXGroup;
			children = (
				E1995470056B61C63BA94C48 /* ImageCompressor.swift */,
			);
			path = Media;
			sourceTree = "<group>";
		};
		74CF9F98ED88D1D9DAB08F55 /* Features */ = {
			isa = PBXGroup;
			children = (
				25AA91C1EE4E03C68207B326 /* Chat */,
				5C324015F96BA71798537B99 /* Jobs */,
				866A98DFA751BD4F00266C51 /* Memory */,
				B8C92D73535E1203734A316A /* Settings */,
				F459E517D9DA44F14F1EAAC0 /* Soul */,
			);
			path = Features;
			sourceTree = "<group>";
		};
		866A98DFA751BD4F00266C51 /* Memory */ = {
			isa = PBXGroup;
			children = (
				74C46A694F3D4413D965185D /* MemoryBrowserView.swift */,
				83635B159D0CC5D49BAFA026 /* MemoryDetailView.swift */,
				E9373C1F49F79E374D2FAC20 /* MemoryRow.swift */,
				92DDA098E61A13D284A60880 /* MemoryViewModel.swift */,
			);
			path = Memory;
			sourceTree = "<group>";
		};
		8B230F8E2C15698D839099EF /* Network */ = {
			isa = PBXGroup;
			children = (
				360270666587A92B071C4D5E /* APITypes.swift */,
				742690410D5AC5A2DC9DA288 /* MeowAPIClient.swift */,
				7DB2E79D3BBA4A6CD3D8CCFA /* PushNotificationManager.swift */,
				AB5E81D7053E7BEADAB7AEA0 /* WebSocketManager.swift */,
			);
			path = Network;
			sourceTree = "<group>";
		};
		A0146520752481566CDA08D1 /* Products */ = {
			isa = PBXGroup;
			children = (
				16EF534DB6562A25EF05DFD3 /* MeowApp.app */,
				E164E4C0483735D4C014A1DB /* MeowApp.app */,
				0A3215093DD4CEAC361995BA /* MeowShareExtension.appex */,
			);
			name = Products;
			sourceTree = "<group>";
		};
		A6569C237C82D063A2F04961 /* Frameworks */ = {
			isa = PBXGroup;
			children = (
				0CDE2E2D69934DD62289B1EA /* LocalAuthentication.framework */,
				E638587A1FD552BBDD0E3527 /* PhotosUI.framework */,
				DD00C6A152407327446F3963 /* SwiftData.framework */,
				5CF770D7F73E4BF78DED056A /* SwiftUI.framework */,
			);
			name = Frameworks;
			sourceTree = "<group>";
		};
		A912E4111F59569095EEAB3C /* Persistence */ = {
			isa = PBXGroup;
			children = (
				2F46028AD4F3385E71D1DB01 /* CachedMemory.swift */,
				CADE54650B96AA4217180342 /* PendingShareQueue.swift */,
			);
			path = Persistence;
			sourceTree = "<group>";
		};
		B8C92D73535E1203734A316A /* Settings */ = {
			isa = PBXGroup;
			children = (
				20069CD74FB88A82514E3563 /* SettingsView.swift */,
				09276EB31CCBD9209815CA35 /* SettingsViewModel.swift */,
			);
			path = Settings;
			sourceTree = "<group>";
		};
		CD75A2BD443EF485D0D89B39 /* ShareExtension */ = {
			isa = PBXGroup;
			children = (
				5B730B8FAFC3C8DD95E6E2F9 /* ContentExtractor.swift */,
				D3B8852CC85C2FEEF33A1165 /* MeowShareExtension.entitlements */,
				8B9970D132C533CBA67B1C54 /* ShareAPIClient.swift */,
				37D8C6E8025AB5DA93E20B70 /* ShareView.swift */,
				E76F641016AF6B3349B4488A /* ShareViewController.swift */,
				AD15D1C3564D90D15709F3AD /* ShareViewModel.swift */,
			);
			path = ShareExtension;
			sourceTree = "<group>";
		};
		D19F456FA4C0CD00CBCB9877 /* Audio */ = {
			isa = PBXGroup;
			children = (
				23154BF79C3983EE9F8B081D /* ElevenLabsTTSService.swift */,
				DF6BA0639ECC7EB6233453F6 /* SpeechRecognizer.swift */,
				966502C86B18EF42F70CBBF6 /* TextToSpeechService.swift */,
				74EE60A969D8AB610A92E920 /* VoiceInputButton.swift */,
			);
			path = Audio;
			sourceTree = "<group>";
		};
		DE293D59B7A9CF64FE9D5424 /* Core */ = {
			isa = PBXGroup;
			children = (
				D19F456FA4C0CD00CBCB9877 /* Audio */,
				497DDD1FB3CD1DB8C8628EAE /* Auth */,
				2E0E6C9F36030497B9A59EE6 /* Design */,
				71CA2E8B6F05F3D93FE0B1D2 /* Media */,
				8B230F8E2C15698D839099EF /* Network */,
				A912E4111F59569095EEAB3C /* Persistence */,
			);
			path = Core;
			sourceTree = "<group>";
		};
		F459E517D9DA44F14F1EAAC0 /* Soul */ = {
			isa = PBXGroup;
			children = (
				39F1A4A2EC6D19BB8342350E /* SoulView.swift */,
				D35D1A1A55EB62E5979D0738 /* SoulViewModel.swift */,
			);
			path = Soul;
			sourceTree = "<group>";
		};
/* End PBXGroup section */

/* Begin PBXNativeTarget section */
		53D68E8F7051867EBFB71DE9 /* MeowApp_iOS */ = {
			isa = PBXNativeTarget;
			buildConfigurationList = 84872071DEE4C173704C2AC6 /* Build configuration list for PBXNativeTarget "MeowApp_iOS" */;
			buildPhases = (
				74C9714785E72F7705027755 /* Sources */,
				C120E1A5A150D31A963C0168 /* Resources */,
				E136E8634F6C73E2B2AD8E02 /* Frameworks */,
				AE2340438FF258B078C8EED6 /* Embed Foundation Extensions */,
			);
			buildRules = (
			);
			dependencies = (
				9450DED35FEFC7C6F7BC840A /* PBXTargetDependency */,
			);
			name = MeowApp_iOS;
			packageProductDependencies = (
			);
			productName = MeowApp_iOS;
			productReference = 16EF534DB6562A25EF05DFD3 /* MeowApp.app */;
			productType = "com.apple.product-type.application";
		};
		82EB72A5FA6A475358FA5845 /* MeowShareExtension */ = {
			isa = PBXNativeTarget;
			buildConfigurationList = 4EB69E7531E809E6B2B3B2AA /* Build configuration list for PBXNativeTarget "MeowShareExtension" */;
			buildPhases = (
				3C35AFF5471770D8DE70A341 /* Sources */,
			);
			buildRules = (
			);
			dependencies = (
			);
			name = MeowShareExtension;
			packageProductDependencies = (
			);
			productName = MeowShareExtension;
			productReference = 0A3215093DD4CEAC361995BA /* MeowShareExtension.appex */;
			productType = "com.apple.product-type.app-extension";
		};
		D12B0AE26A02010005AB26CE /* MeowApp_macOS */ = {
			isa = PBXNativeTarget;
			buildConfigurationList = 2539A2C4EEA53D1A1FD06841 /* Build configuration list for PBXNativeTarget "MeowApp_macOS" */;
			buildPhases = (
				D76A9B6474CAA952B1468572 /* Sources */,
				5CC28A8CE629CE2459C31DF3 /* Resources */,
				849B7A502298E9367DA236B4 /* Frameworks */,
			);
			buildRules = (
			);
			dependencies = (
			);
			name = MeowApp_macOS;
			packageProductDependencies = (
			);
			productName = MeowApp_macOS;
			productReference = E164E4C0483735D4C014A1DB /* MeowApp.app */;
			productType = "com.apple.product-type.application";
		};
/* End PBXNativeTarget section */

/* Begin PBXProject section */
		3994F6AD54E19D227BFF5272 /* Project object */ = {
			isa = PBXProject;
			attributes = {
				BuildIndependentTargetsInParallel = YES;
				LastUpgradeCheck = 1600;
				TargetAttributes = {
					53D68E8F7051867EBFB71DE9 = {
						DevelopmentTeam = FC38UVV3V3;
						ProvisioningStyle = Automatic;
					};
					82EB72A5FA6A475358FA5845 = {
						DevelopmentTeam = FC38UVV3V3;
						ProvisioningStyle = Automatic;
					};
					D12B0AE26A02010005AB26CE = {
						DevelopmentTeam = FC38UVV3V3;
						ProvisioningStyle = Automatic;
					};
				};
			};
			buildConfigurationList = 41E4999F91BA114614FDD126 /* Build configuration list for PBXProject "MeowApp" */;
			compatibilityVersion = "Xcode 14.0";
			developmentRegion = en;
			hasScannedForEncodings = 0;
			knownRegions = (
				Base,
				en,
			);
			mainGroup = 3EE85DF9BFA3BD9A7889FE5B;
			minimizedProjectReferenceProxies = 1;
			preferredProjectObjectVersion = 77;
			projectDirPath = "";
			projectRoot = "";
			targets = (
				53D68E8F7051867EBFB71DE9 /* MeowApp_iOS */,
				D12B0AE26A02010005AB26CE /* MeowApp_macOS */,
				82EB72A5FA6A475358FA5845 /* MeowShareExtension */,
			);
		};
/* End PBXProject section */

/* Begin PBXResourcesBuildPhase section */
		5CC28A8CE629CE2459C31DF3 /* Resources */ = {
			isa = PBXResourcesBuildPhase;
			buildActionMask = 2147483647;
			files = (
				67255E47E4CE11EC3197BBCB /* Assets.xcassets in Resources */,
			);
			runOnlyForDeploymentPostprocessing = 0;
		};
		C120E1A5A150D31A963C0168 /* Resources */ = {
			isa = PBXResourcesBuildPhase;
			buildActionMask = 2147483647;
			files = (
				603221138A45150CE105567E /* Assets.xcassets in Resources */,
			);
			runOnlyForDeploymentPostprocessing = 0;
		};
/* End PBXResourcesBuildPhase section */

/* Begin PBXSourcesBuildPhase section */
		3C35AFF5471770D8DE70A341 /* Sources */ = {
			isa = PBXSourcesBuildPhase;
			buildActionMask = 2147483647;
			files = (
				7B537E69D65585BA1D40828D /* ContentExtractor.swift in Sources */,
				66FF6CFC53CC00A72BB7A453 /* MeowTheme.swift in Sources */,
				C429304CBAEF263BE4450EE6 /* PendingShareQueue.swift in Sources */,
				6ABE16DCC4C609612871F2E1 /* ShareAPIClient.swift in Sources */,
				5DA487204FDC7AC251A3DA30 /* ShareView.swift in Sources */,
				5A4C3ACBA0E0593C10D26421 /* ShareViewController.swift in Sources */,
				BEC0F0A5D41E6BD8CE0A2584 /* ShareViewModel.swift in Sources */,
				A329968D634BDF35C42453C9 /* SharedConfig.swift in Sources */,
			);
			runOnlyForDeploymentPostprocessing = 0;
		};
		74C9714785E72F7705027755 /* Sources */ = {
			isa = PBXSourcesBuildPhase;
			buildActionMask = 2147483647;
			files = (
				C52BA9A858434C4DB5B52C6C /* APITypes.swift in Sources */,
				C94F771C5B7AE956B8FDAFD8 /* ASCIICatView.swift in Sources */,
				EBDA00271BEEFA8539E72F00 /* AnimatedCatView.swift in Sources */,
				33155E89BD8EED26BE2B7B5C /* AuthManager.swift in Sources */,
				CCD125C7C34924D66F972C85 /* CachedMemory.swift in Sources */,
				58418366DF9503C463431861 /* ChatBubble.swift in Sources */,
				4737D8F13A2DE45B06EEB5E6 /* ChatView.swift in Sources */,
				7D0A094966BDD917832C9B97 /* ChatViewModel.swift in Sources */,
				CF31168B534115B37FA08AF8 /* ContentView.swift in Sources */,
				86D02F5E8B77F50D72157878 /* CreateJobSheet.swift in Sources */,
				DB03895B2C7CB5172921B8D6 /* ElevenLabsTTSService.swift in Sources */,
				9009AD06D72CB914755925FD /* FlowLayout.swift in Sources */,
				FEEA4C73E7F0CB7EA61125AB /* GlassModifiers.swift in Sources */,
				E424410EF49023C36CD11ABD /* GlowButton.swift in Sources */,
				C4B11669F679D2209410D12A /* ImageCompressor.swift in Sources */,
				D818F59037C63BA2AE23D0D2 /* JobRow.swift in Sources */,
				263C83CB57F3004C28DAA7A9 /* JobsListView.swift in Sources */,
				410046BEC3FE3CEB742D1CF5 /* JobsViewModel.swift in Sources */,
				D88809737CF226B0CE78789B /* MarkdownText.swift in Sources */,
				643D9D5FE9EE706B2E01E5B4 /* MemoryBrowserView.swift in Sources */,
				DCF79E1D5C27687EF5CD9B02 /* MemoryDetailView.swift in Sources */,
				B9451A0C8D51EFACCBB7BD37 /* MemoryRow.swift in Sources */,
				27EA769B2CB1EF7BDCFAED2A /* MemoryViewModel.swift in Sources */,
				84D5FC534453AD0A96A76212 /* MeowAPIClient.swift in Sources */,
				CB8EC809DD01652CA967263F /* MeowApp.swift in Sources */,
				87FAAD6F5233154A0418A0B0 /* MeowTheme.swift in Sources */,
				C697EF8952B98D3D04FB055B /* MeshBackground.swift in Sources */,
				C45CBA05CBEF312B8DA04B32 /* MessageRow.swift in Sources */,
				2BDF2D29C3D281D32BEEC463 /* PendingShareQueue.swift in Sources */,
				F2543D5AA0306E95ED729A70 /* PushNotificationManager.swift in Sources */,
				0DBA179B8C414D5141CB3BD6 /* SettingsView.swift in Sources */,
				3AB09B7A9ACEDA866D12E8D0 /* SettingsViewModel.swift in Sources */,
				C383A10066871EB9AC32EFC1 /* SharedConfig.swift in Sources */,
				6A8D7A9EBE251E83669CDA4D /* SoulView.swift in Sources */,
				BD174B67F9CF5BDD34DE3FA8 /* SoulViewModel.swift in Sources */,
				8496DBB086C6E10F142434FB /* SpaceBackgroundView.swift in Sources */,
				18519272F6339486DDF9D368 /* SpeechRecognizer.swift in Sources */,
				75CD1FAEF21F0992FFF781F0 /* StatusPill.swift in Sources */,
				6858D76734275923FC56D435 /* TerminalBox.swift in Sources */,
				73CED74C2511DD0D340138FC /* TextToSpeechService.swift in Sources */,
				AAFFF1CE3628D0A94E288F1C /* ToolActivityView.swift in Sources */,
				5BE972BF7E9F5D737386F821 /* TypingIndicator.swift in Sources */,
				871C4FF96F1FFB1AC933C1F0 /* VoiceInputButton.swift in Sources */,
				EE236F69AA860DA3B846BDAC /* WebSocketManager.swift in Sources */,
			);
			runOnlyForDeploymentPostprocessing = 0;
		};
		D76A9B6474CAA952B1468572 /* Sources */ = {
			isa = PBXSourcesBuildPhase;
			buildActionMask = 2147483647;
			files = (
				B31BBC0C6968E04FA2B3FDCE /* APITypes.swift in Sources */,
				E8D4FB6DAAC03741A69CA83E /* ASCIICatView.swift in Sources */,
				1F5C75599C5BEDF8AACA112F /* AnimatedCatView.swift in Sources */,
				ACB76A708C4E6AC976A9AAEA /* AuthManager.swift in Sources */,
				60F37A7BD7EE03CC569C9B72 /* CachedMemory.swift in Sources */,
				DACB3863111AB25674E2E903 /* ChatBubble.swift in Sources */,
				EAC9FEC5391615CC87FB8B55 /* ChatView.swift in Sources */,
				A2D58678A04EF9742EA77819 /* ChatViewModel.swift in Sources */,
				447481F2D4DD04570DBBF3F5 /* ContentView.swift in Sources */,
				720F9A8651474E83DFFFBF11 /* CreateJobSheet.swift in Sources */,
				811ABD32BB2CDDA9E0143896 /* ElevenLabsTTSService.swift in Sources */,
				0DFEBA39A25386A8B853A65A /* FlowLayout.swift in Sources */,
				079FCC4BAEC812053DFF9FB4 /* GlassModifiers.swift in Sources */,
				53722CAFC0130A9331B78410 /* GlowButton.swift in Sources */,
				2B476A648AE94D5517080E43 /* ImageCompressor.swift in Sources */,
				46F7028C4C632176501268D0 /* JobRow.swift in Sources */,
				4A1A902A451078101F34EB65 /* JobsListView.swift in Sources */,
				5334ABE6A5EF0988EB4BEB83 /* JobsViewModel.swift in Sources */,
				90316E8322EAF5E9FC300C17 /* MarkdownText.swift in Sources */,
				18D24EA6F025F6D8804B15FC /* MemoryBrowserView.swift in Sources */,
				177939B40F8CBA54DA8FA2C3 /* MemoryDetailView.swift in Sources */,
				7A83CF905B94B9861334B208 /* MemoryRow.swift in Sources */,
				F40037A1BFB24AC3B56EC453 /* MemoryViewModel.swift in Sources */,
				35649EA6C32B7405AEB824A9 /* MeowAPIClient.swift in Sources */,
				6CFFC0649CE1E65DB5CA1628 /* MeowApp.swift in Sources */,
				F5FDDD19E4927B20760553BE /* MeowTheme.swift in Sources */,
				60C4A48DACB766AC6DB3BB73 /* MeshBackground.swift in Sources */,
				0B53A67844A19DDB01043C8A /* MessageRow.swift in Sources */,
				980813F2673739C25331EC2D /* PendingShareQueue.swift in Sources */,
				16EAE5D6057DE8A2C9DE8894 /* PushNotificationManager.swift in Sources */,
				9DBFC5A54147076D24D4F5E2 /* SettingsView.swift in Sources */,
				B99D1DE78A666E577B14FDEA /* SettingsViewModel.swift in Sources */,
				77C9540AA4023756E08FD904 /* SharedConfig.swift in Sources */,
				C0154775C2DBA8BF8D9DC2A9 /* SoulView.swift in Sources */,
				4BD1D2157A2823C08C09B638 /* SoulViewModel.swift in Sources */,
				6D8D39B23E6CCB72ED631909 /* SpaceBackgroundView.swift in Sources */,
				475C912C674070509693E25C /* SpeechRecognizer.swift in Sources */,
				D8A52835877F81207F2993E1 /* StatusPill.swift in Sources */,
				FF5678149CB6281D670D4AE0 /* TerminalBox.swift in Sources */,
				C658DB8A267966B2CB0D225F /* TextToSpeechService.swift in Sources */,
				865087687E33D3193823FF66 /* ToolActivityView.swift in Sources */,
				38A64147B677B4D72A7F6FB3 /* TypingIndicator.swift in Sources */,
				20C7454D76CEA63CA0585940 /* VoiceInputButton.swift in Sources */,
				09D9A5341FE91F6F3E8060B9 /* WebSocketManager.swift in Sources */,
			);
			runOnlyForDeploymentPostprocessing = 0;
		};
/* End PBXSourcesBuildPhase section */

/* Begin PBXTargetDependency section */
		9450DED35FEFC7C6F7BC840A /* PBXTargetDependency */ = {
			isa = PBXTargetDependency;
			target = 82EB72A5FA6A475358FA5845 /* MeowShareExtension */;
			targetProxy = 2AC75F08E32E37E7DDD5CA75 /* PBXContainerItemProxy */;
		};
/* End PBXTargetDependency section */

/* Begin XCBuildConfiguration section */
		13128EED41C4DAA5BE87616C /* Release */ = {
			isa = XCBuildConfiguration;
			buildSettings = {
				ASSETCATALOG_COMPILER_APPICON_NAME = AppIcon;
				ASSETCATALOG_COMPILER_GLOBAL_ACCENT_COLOR_NAME = AccentColor;
				CODE_SIGN_ENTITLEMENTS = MeowApp.entitlements;
				CODE_SIGN_IDENTITY = "iPhone Developer";
				ENABLE_PREVIEWS = YES;
				GENERATE_INFOPLIST_FILE = YES;
				INFOPLIST_FILE = Sources/Info.plist;
				LD_RUNPATH_SEARCH_PATHS = (
					"$(inherited)",
					"@executable_path/Frameworks",
				);
				PRODUCT_BUNDLE_IDENTIFIER = com.alekdob.MeowApp;
				PRODUCT_NAME = MeowApp;
				SDKROOT = iphoneos;
				TARGETED_DEVICE_FAMILY = "1,2";
			};
			name = Release;
		};
		2DC07ABFF0EAD7349038B623 /* Debug */ = {
			isa = XCBuildConfiguration;
			buildSettings = {
				ALWAYS_SEARCH_USER_PATHS = NO;
				CLANG_ANALYZER_NONNULL = YES;
				CLANG_ANALYZER_NUMBER_OBJECT_CONVERSION = YES_AGGRESSIVE;
				CLANG_CXX_LANGUAGE_STANDARD = "gnu++14";
				CLANG_CXX_LIBRARY = "libc++";
				CLANG_ENABLE_MODULES = YES;
				CLANG_ENABLE_OBJC_ARC = YES;
				CLANG_ENABLE_OBJC_WEAK = YES;
				CLANG_WARN_BLOCK_CAPTURE_AUTORELEASING = YES;
				CLANG_WARN_BOOL_CONVERSION = YES;
				CLANG_WARN_COMMA = YES;
				CLANG_WARN_CONSTANT_CONVERSION = YES;
				CLANG_WARN_DEPRECATED_OBJC_IMPLEMENTATIONS = YES;
				CLANG_WARN_DIRECT_OBJC_ISA_USAGE = YES_ERROR;
				CLANG_WARN_DOCUMENTATION_COMMENTS = YES;
				CLANG_WARN_EMPTY_BODY = YES;
				CLANG_WARN_ENUM_CONVERSION = YES;
				CLANG_WARN_INFINITE_RECURSION = YES;
				CLANG_WARN_INT_CONVERSION = YES;
				CLANG_WARN_NON_LITERAL_NULL_CONVERSION = YES;
				CLANG_WARN_OBJC_IMPLICIT_RETAIN_SELF = YES;
				CLANG_WARN_OBJC_LITERAL_CONVERSION = YES;
				CLANG_WARN_OBJC_ROOT_CLASS = YES_ERROR;
				CLANG_WARN_QUOTED_INCLUDE_IN_FRAMEWORK_HEADER = YES;
				CLANG_WARN_RANGE_LOOP_ANALYSIS = YES;
				CLANG_WARN_STRICT_PROTOTYPES = YES;
				CLANG_WARN_SUSPICIOUS_MOVE = YES;
				CLANG_WARN_UNGUARDED_AVAILABILITY = YES_AGGRESSIVE;
				CLANG_WARN_UNREACHABLE_CODE = YES;
				CLANG_WARN__DUPLICATE_METHOD_MATCH = YES;
				CODE_SIGN_STYLE = Automatic;
				COPY_PHASE_STRIP = NO;
				CURRENT_PROJECT_VERSION = 1;
				DEBUG_INFORMATION_FORMAT = dwarf;
				DEVELOPMENT_TEAM = FC38UVV3V3;
				ENABLE_STRICT_OBJC_MSGSEND = YES;
				ENABLE_TESTABILITY = YES;
				GCC_C_LANGUAGE_STANDARD = gnu11;
				GCC_DYNAMIC_NO_PIC = NO;
				GCC_NO_COMMON_BLOCKS = YES;
				GCC_OPTIMIZATION_LEVEL = 0;
				GCC_PREPROCESSOR_DEFINITIONS = (
					"$(inherited)",
					"DEBUG=1",
				);
				GCC_WARN_64_TO_32_BIT_CONVERSION = YES;
				GCC_WARN_ABOUT_RETURN_TYPE = YES_ERROR;
				GCC_WARN_UNDECLARED_SELECTOR = YES;
				GCC_WARN_UNINITIALIZED_AUTOS = YES_AGGRESSIVE;
				GCC_WARN_UNUSED_FUNCTION = YES;
				GCC_WARN_UNUSED_VARIABLE = YES;
				IPHONEOS_DEPLOYMENT_TARGET = 17.0;
				MACOSX_DEPLOYMENT_TARGET = 14.0;
				MARKETING_VERSION = 1.0.0;
				MTL_ENABLE_DEBUG_INFO = INCLUDE_SOURCE;
				MTL_FAST_MATH = YES;
				ONLY_ACTIVE_ARCH = YES;
				PRODUCT_NAME = "$(TARGET_NAME)";
				SWIFT_ACTIVE_COMPILATION_CONDITIONS = DEBUG;
				SWIFT_OPTIMIZATION_LEVEL = "-Onone";
				SWIFT_VERSION = 5.9;
			};
			name = Debug;
		};
		42E27F33C787148DC8D94E79 /* Debug */ = {
			isa = XCBuildConfiguration;
			buildSettings = {
				CODE_SIGN_ENTITLEMENTS = ShareExtension/MeowShareExtension.entitlements;
				GENERATE_INFOPLIST_FILE = NO;
				INFOPLIST_FILE = ShareExtension/Info.plist;
				LD_RUNPATH_SEARCH_PATHS = (
					"$(inherited)",
					"@executable_path/Frameworks",
					"@executable_path/../../Frameworks",
				);
				PRODUCT_BUNDLE_IDENTIFIER = com.alekdob.MeowApp.ShareExtension;
				PRODUCT_NAME = MeowShare;
				SDKROOT = iphoneos;
				TARGETED_DEVICE_FAMILY = "1,2";
			};
			name = Debug;
		};
		5135658817557D0A3F2E47DC /* Debug */ = {
			isa = XCBuildConfiguration;
			buildSettings = {
				ASSETCATALOG_COMPILER_APPICON_NAME = AppIcon;
				ASSETCATALOG_COMPILER_GLOBAL_ACCENT_COLOR_NAME = AccentColor;
				CODE_SIGN_ENTITLEMENTS = MeowApp.entitlements;
				CODE_SIGN_IDENTITY = "iPhone Developer";
				ENABLE_PREVIEWS = YES;
				GENERATE_INFOPLIST_FILE = YES;
				INFOPLIST_FILE = Sources/Info.plist;
				LD_RUNPATH_SEARCH_PATHS = (
					"$(inherited)",
					"@executable_path/Frameworks",
				);
				PRODUCT_BUNDLE_IDENTIFIER = com.alekdob.MeowApp;
				PRODUCT_NAME = MeowApp;
				SDKROOT = iphoneos;
				TARGETED_DEVICE_FAMILY = "1,2";
			};
			name = Debug;
		};
		9F02F762FABE4878F83FBD5A /* Release */ = {
			isa = XCBuildConfiguration;
			buildSettings = {
				ASSETCATALOG_COMPILER_APPICON_NAME = AppIcon;
				ASSETCATALOG_COMPILER_GLOBAL_ACCENT_COLOR_NAME = AccentColor;
				CODE_SIGN_ENTITLEMENTS = MeowApp.entitlements;
				COMBINE_HIDPI_IMAGES = YES;
				ENABLE_PREVIEWS = YES;
				GENERATE_INFOPLIST_FILE = YES;
				INFOPLIST_FILE = Sources/Info.plist;
				LD_RUNPATH_SEARCH_PATHS = (
					"$(inherited)",
					"@executable_path/../Frameworks",
				);
				PRODUCT_BUNDLE_IDENTIFIER = com.alekdob.MeowApp;
				PRODUCT_NAME = MeowApp;
				SDKROOT = macosx;
			};
			name = Release;
		};
		C9AB42B0F93B977EF01EF7D9 /* Debug */ = {
			isa = XCBuildConfiguration;
			buildSettings = {
				ASSETCATALOG_COMPILER_APPICON_NAME = AppIcon;
				ASSETCATALOG_COMPILER_GLOBAL_ACCENT_COLOR_NAME = AccentColor;
				CODE_SIGN_ENTITLEMENTS = MeowApp.entitlements;
				COMBINE_HIDPI_IMAGES = YES;
				ENABLE_PREVIEWS = YES;
				GENERATE_INFOPLIST_FILE = YES;
				INFOPLIST_FILE = Sources/Info.plist;
				LD_RUNPATH_SEARCH_PATHS = (
					"$(inherited)",
					"@executable_path/../Frameworks",
				);
				PRODUCT_BUNDLE_IDENTIFIER = com.alekdob.MeowApp;
				PRODUCT_NAME = MeowApp;
				SDKROOT = macosx;
			};
			name = Debug;
		};
		D383504C9BE57D22F858A9A3 /* Release */ = {
			isa = XCBuildConfiguration;
			buildSettings = {
				CODE_SIGN_ENTITLEMENTS = ShareExtension/MeowShareExtension.entitlements;
				GENERATE_INFOPLIST_FILE = NO;
				INFOPLIST_FILE = ShareExtension/Info.plist;
				LD_RUNPATH_SEARCH_PATHS = (
					"$(inherited)",
					"@executable_path/Frameworks",
					"@executable_path/../../Frameworks",
				);
				PRODUCT_BUNDLE_IDENTIFIER = com.alekdob.MeowApp.ShareExtension;
				PRODUCT_NAME = MeowShare;
				SDKROOT = iphoneos;
				TARGETED_DEVICE_FAMILY = "1,2";
			};
			name = Release;
		};
		E860E142CB8761DC69F29C50 /* Release */ = {
			isa = XCBuildConfiguration;
			buildSettings = {
				ALWAYS_SEARCH_USER_PATHS = NO;
				CLANG_ANALYZER_NONNULL = YES;
				CLANG_ANALYZER_NUMBER_OBJECT_CONVERSION = YES_AGGRESSIVE;
				CLANG_CXX_LANGUAGE_STANDARD = "gnu++14";
				CLANG_CXX_LIBRARY = "libc++";
				CLANG_ENABLE_MODULES = YES;
				CLANG_ENABLE_OBJC_ARC = YES;
				CLANG_ENABLE_OBJC_WEAK = YES;
				CLANG_WARN_BLOCK_CAPTURE_AUTORELEASING = YES;
				CLANG_WARN_BOOL_CONVERSION = YES;
				CLANG_WARN_COMMA = YES;
				CLANG_WARN_CONSTANT_CONVERSION = YES;
				CLANG_WARN_DEPRECATED_OBJC_IMPLEMENTATIONS = YES;
				CLANG_WARN_DIRECT_OBJC_ISA_USAGE = YES_ERROR;
				CLANG_WARN_DOCUMENTATION_COMMENTS = YES;
				CLANG_WARN_EMPTY_BODY = YES;
				CLANG_WARN_ENUM_CONVERSION = YES;
				CLANG_WARN_INFINITE_RECURSION = YES;
				CLANG_WARN_INT_CONVERSION = YES;
				CLANG_WARN_NON_LITERAL_NULL_CONVERSION = YES;
				CLANG_WARN_OBJC_IMPLICIT_RETAIN_SELF = YES;
				CLANG_WARN_OBJC_LITERAL_CONVERSION = YES;
				CLANG_WARN_OBJC_ROOT_CLASS = YES_ERROR;
				CLANG_WARN_QUOTED_INCLUDE_IN_FRAMEWORK_HEADER = YES;
				CLANG_WARN_RANGE_LOOP_ANALYSIS = YES;
				CLANG_WARN_STRICT_PROTOTYPES = YES;
				CLANG_WARN_SUSPICIOUS_MOVE = YES;
				CLANG_WARN_UNGUARDED_AVAILABILITY = YES_AGGRESSIVE;
				CLANG_WARN_UNREACHABLE_CODE = YES;
				CLANG_WARN__DUPLICATE_METHOD_MATCH = YES;
				CODE_SIGN_STYLE = Automatic;
				COPY_PHASE_STRIP = NO;
				CURRENT_PROJECT_VERSION = 1;
				DEBUG_INFORMATION_FORMAT = "dwarf-with-dsym";
				DEVELOPMENT_TEAM = FC38UVV3V3;
				ENABLE_NS_ASSERTIONS = NO;
				ENABLE_STRICT_OBJC_MSGSEND = YES;
				GCC_C_LANGUAGE_STANDARD = gnu11;
				GCC_NO_COMMON_BLOCKS = YES;
				GCC_WARN_64_TO_32_BIT_CONVERSION = YES;
				GCC_WARN_ABOUT_RETURN_TYPE = YES_ERROR;
				GCC_WARN_UNDECLARED_SELECTOR = YES;
				GCC_WARN_UNINITIALIZED_AUTOS = YES_AGGRESSIVE;
				GCC_WARN_UNUSED_FUNCTION = YES;
				GCC_WARN_UNUSED_VARIABLE = YES;
				IPHONEOS_DEPLOYMENT_TARGET = 17.0;
				MACOSX_DEPLOYMENT_TARGET = 14.0;
				MARKETING_VERSION = 1.0.0;
				MTL_ENABLE_DEBUG_INFO = NO;
				MTL_FAST_MATH = YES;
				PRODUCT_NAME = "$(TARGET_NAME)";
				SWIFT_COMPILATION_MODE = wholemodule;
				SWIFT_OPTIMIZATION_LEVEL = "-O";
				SWIFT_VERSION = 5.9;
			};
			name = Release;
		};
/* End XCBuildConfiguration section */

/* Begin XCConfigurationList section */
		2539A2C4EEA53D1A1FD06841 /* Build configuration list for PBXNativeTarget "MeowApp_macOS" */ = {
			isa = XCConfigurationList;
			buildConfigurations = (
				C9AB42B0F93B977EF01EF7D9 /* Debug */,
				9F02F762FABE4878F83FBD5A /* Release */,
			);
			defaultConfigurationIsVisible = 0;
			defaultConfigurationName = Debug;
		};
		41E4999F91BA114614FDD126 /* Build configuration list for PBXProject "MeowApp" */ = {
			isa = XCConfigurationList;
			buildConfigurations = (
				2DC07ABFF0EAD7349038B623 /* Debug */,
				E860E142CB8761DC69F29C50 /* Release */,
			);
			defaultConfigurationIsVisible = 0;
			defaultConfigurationName = Debug;
		};
		4EB69E7531E809E6B2B3B2AA /* Build configuration list for PBXNativeTarget "MeowShareExtension" */ = {
			isa = XCConfigurationList;
			buildConfigurations = (
				42E27F33C787148DC8D94E79 /* Debug */,
				D383504C9BE57D22F858A9A3 /* Release */,
			);
			defaultConfigurationIsVisible = 0;
			defaultConfigurationName = Debug;
		};
		84872071DEE4C173704C2AC6 /* Build configuration list for PBXNativeTarget "MeowApp_iOS" */ = {
			isa = XCConfigurationList;
			buildConfigurations = (
				5135658817557D0A3F2E47DC /* Debug */,
				13128EED41C4DAA5BE87616C /* Release */,
			);
			defaultConfigurationIsVisible = 0;
			defaultConfigurationName = Debug;
		};
/* End XCConfigurationList section */
	};
	rootObject = 3994F6AD54E19D227BFF5272 /* Project object */;
}
